
Microsoft Visual Studio Solution File, Format Version 12.00
# Visual Studio 15
VisualStudioVersion = 15.0.28307.438
MinimumVisualStudioVersion = 10.0.40219.1
Project("{FAE04EC0-301F-11D3-BF4B-00C04F79EFBC}") = "2.2.RSSV", "2.2.RSSV\2.2.RSSV.csproj", "{13F6F8CF-56F5-4827-B219-A4BF174D1B6D}"
EndProject
Global
	GlobalSection(SolutionConfigurationPlatforms) = preSolution
		Debug|Any CPU = Debug|Any CPU
		Release|Any CPU = Release|Any CPU
	EndGlobalSection
	GlobalSection(ProjectConfigurationPlatforms) = postSolution
		{13F6F8CF-56F5-4827-B219-A4BF174D1B6D}.Debug|Any CPU.ActiveCfg = Debug|Any CPU
		{13F6F8CF-56F5-4827-B219-A4BF174D1B6D}.Debug|Any CPU.Build.0 = Debug|Any CPU
		{13F6F8CF-56F5-4827-B219-A4BF174D1B6D}.Release|Any CPU.ActiveCfg = Release|Any CPU
		{13F6F8CF-56F5-4827-B219-A4BF174D1B6D}.Release|Any CPU.Build.0 = Release|Any CPU
	EndGlobalSection
	GlobalSection(SolutionProperties) = preSolution
		HideSolutionNode = FALSE
	EndGlobalSection
	GlobalSection(ExtensibilityGlobals) = postSolution
		SolutionGuid = {2BE10684-77D3-427F-8E18-1D4E7CF4603C}
	EndGlobalSection
EndGlobal
