
Microsoft Visual Studio Solution File, Format Version 12.00
# Visual Studio 15
VisualStudioVersion = 15.0.28307.438
MinimumVisualStudioVersion = 10.0.40219.1
Project("{FAE04EC0-301F-11D3-BF4B-00C04F79EFBC}") = "2.3.RSSV_alarm", "2.3.RSSV_alarm\2.3.RSSV_alarm.csproj", "{7C7EF436-4DE3-43AE-865F-DA47D103483D}"
EndProject
Global
	GlobalSection(SolutionConfigurationPlatforms) = preSolution
		Debug|Any CPU = Debug|Any CPU
		Release|Any CPU = Release|Any CPU
	EndGlobalSection
	GlobalSection(ProjectConfigurationPlatforms) = postSolution
		{7C7EF436-4DE3-43AE-865F-DA47D103483D}.Debug|Any CPU.ActiveCfg = Debug|Any CPU
		{7C7EF436-4DE3-43AE-865F-DA47D103483D}.Debug|Any CPU.Build.0 = Debug|Any CPU
		{7C7EF436-4DE3-43AE-865F-DA47D103483D}.Release|Any CPU.ActiveCfg = Release|Any CPU
		{7C7EF436-4DE3-43AE-865F-DA47D103483D}.Release|Any CPU.Build.0 = Release|Any CPU
	EndGlobalSection
	GlobalSection(SolutionProperties) = preSolution
		HideSolutionNode = FALSE
	EndGlobalSection
	GlobalSection(ExtensibilityGlobals) = postSolution
		SolutionGuid = {EC47C4C8-FF04-4902-B680-F3DA2CA2C584}
	EndGlobalSection
EndGlobal
